
Microsoft Visual Studio Solution File, Format Version 12.00
# Visual Studio Version 17
VisualStudioVersion = 17.11.35303.130
MinimumVisualStudioVersion = 10.0.40219.1
Project("{FAE04EC0-301F-11D3-BF4B-00C04F79EFBC}") = "Tyuiu.KushnirS.Sprint2.Task0.V16", "Tyuiu.KushnirS.Sprint2.Task0.V16\Tyuiu.KushnirS.Sprint2.Task0.V16.csproj", "{F37F739E-C402-47C5-9FD0-00CD1A2CD2A9}"
EndProject
Project("{FAE04EC0-301F-11D3-BF4B-00C04F79EFBC}") = "Tyuiu.KushnirS.Sprint2.Task0.V16.Test", "Tyuiu.KushnirS.Sprint2.Task0.V16.Test\Tyuiu.KushnirS.Sprint2.Task0.V16.Test.csproj", "{9CFB2C5A-F1F9-4007-B35D-E981E6D7A57E}"
EndProject
Project("{FAE04EC0-301F-11D3-BF4B-00C04F79EFBC}") = "Tyuiu.KushnirS.Sprint2.Task0.V16.Lib", "Tyuiu.KushnirS.Sprint2.Task0.V16.Lib\Tyuiu.KushnirS.Sprint2.Task0.V16.Lib.csproj", "{C835DDD2-65CB-418D-A73D-F97D67236314}"
EndProject
Project("{2150E333-8FDC-42A3-9474-1A3956D46DE8}") = "Task0", "Task0", "{A09485F6-B22E-4885-9CF2-9446EA3898C0}"
EndProject
Global
	GlobalSection(SolutionConfigurationPlatforms) = preSolution
		Debug|Any CPU = Debug|Any CPU
		Release|Any CPU = Release|Any CPU
	EndGlobalSection
	GlobalSection(ProjectConfigurationPlatforms) = postSolution
		{F37F739E-C402-47C5-9FD0-00CD1A2CD2A9}.Debug|Any CPU.ActiveCfg = Debug|Any CPU
		{F37F739E-C402-47C5-9FD0-00CD1A2CD2A9}.Debug|Any CPU.Build.0 = Debug|Any CPU
		{F37F739E-C402-47C5-9FD0-00CD1A2CD2A9}.Release|Any CPU.ActiveCfg = Release|Any CPU
		{F37F739E-C402-47C5-9FD0-00CD1A2CD2A9}.Release|Any CPU.Build.0 = Release|Any CPU
		{9CFB2C5A-F1F9-4007-B35D-E981E6D7A57E}.Debug|Any CPU.ActiveCfg = Debug|Any CPU
		{9CFB2C5A-F1F9-4007-B35D-E981E6D7A57E}.Debug|Any CPU.Build.0 = Debug|Any CPU
		{9CFB2C5A-F1F9-4007-B35D-E981E6D7A57E}.Release|Any CPU.ActiveCfg = Release|Any CPU
		{9CFB2C5A-F1F9-4007-B35D-E981E6D7A57E}.Release|Any CPU.Build.0 = Release|Any CPU
		{C835DDD2-65CB-418D-A73D-F97D67236314}.Debug|Any CPU.ActiveCfg = Debug|Any CPU
		{C835DDD2-65CB-418D-A73D-F97D67236314}.Debug|Any CPU.Build.0 = Debug|Any CPU
		{C835DDD2-65CB-418D-A73D-F97D67236314}.Release|Any CPU.ActiveCfg = Release|Any CPU
		{C835DDD2-65CB-418D-A73D-F97D67236314}.Release|Any CPU.Build.0 = Release|Any CPU
	EndGlobalSection
	GlobalSection(SolutionProperties) = preSolution
		HideSolutionNode = FALSE
	EndGlobalSection
	GlobalSection(NestedProjects) = preSolution
		{F37F739E-C402-47C5-9FD0-00CD1A2CD2A9} = {A09485F6-B22E-4885-9CF2-9446EA3898C0}
		{9CFB2C5A-F1F9-4007-B35D-E981E6D7A57E} = {A09485F6-B22E-4885-9CF2-9446EA3898C0}
		{C835DDD2-65CB-418D-A73D-F97D67236314} = {A09485F6-B22E-4885-9CF2-9446EA3898C0}
	EndGlobalSection
	GlobalSection(ExtensibilityGlobals) = postSolution
		SolutionGuid = {9E040269-3BD6-4A84-B18B-BF1D40198D8D}
	EndGlobalSection
EndGlobal
