
Microsoft Visual Studio Solution File, Format Version 12.00
# Visual Studio Version 17
VisualStudioVersion = 17.11.35312.102
MinimumVisualStudioVersion = 10.0.40219.1
Project("{2150E333-8FDC-42A3-9474-1A3956D46DE8}") = "Task0", "Task0", "{30AF343A-706A-44A6-BCEF-2097AB9FAC3E}"
EndProject
Project("{FAE04EC0-301F-11D3-BF4B-00C04F79EFBC}") = "Tyuiu.KushnirS.Sprint2.Task0.V16", "Tyuiu.KushnirS.Sprint2.Task0.V16\Tyuiu.KushnirS.Sprint2.Task0.V16.csproj", "{0D3B9D02-FE4A-4F98-BB89-0EC8307BFA34}"
EndProject
Project("{FAE04EC0-301F-11D3-BF4B-00C04F79EFBC}") = "Tyuiu.KushnirS.Sprint2.Task0.V16.Lib", "Tyuiu.KushnirS.Sprint2.Task0.V16.Lib\Tyuiu.KushnirS.Sprint2.Task0.V16.Lib.csproj", "{9F9DBB61-E272-4407-BAD4-5E151642E7A5}"
EndProject
Project("{FAE04EC0-301F-11D3-BF4B-00C04F79EFBC}") = "Tyuiu.KushnirS.Sprint2.Task0.V16.Test", "Tyuiu.KushnirS.Sprint2.Task0.V16.Test\Tyuiu.KushnirS.Sprint2.Task0.V16.Test.csproj", "{39B66EAB-CC26-42B1-978B-1CB271C6F3C0}"
EndProject
Project("{2150E333-8FDC-42A3-9474-1A3956D46DE8}") = "Task1", "Task1", "{13216392-6427-4DEA-BCF8-509BEDD25852}"
EndProject
Project("{FAE04EC0-301F-11D3-BF4B-00C04F79EFBC}") = "Tyuiu.KushnirS.Sprint2.Task1.V26", "Tyuiu.KushnirS.Sprint2.Task1.V26\Tyuiu.KushnirS.Sprint2.Task1.V26.csproj", "{6B659DF0-6A26-44AA-B24D-28632163B02B}"
EndProject
Project("{FAE04EC0-301F-11D3-BF4B-00C04F79EFBC}") = "Tyuiu.KushnirS.Sprint2.Task1.V26.Lib", "Tyuiu.KushnirS.Sprint2.Task1.V26.Lib\Tyuiu.KushnirS.Sprint2.Task1.V26.Lib.csproj", "{FEC0DCD9-7AA8-4D96-83AF-BF3C5F2151AC}"
EndProject
Project("{FAE04EC0-301F-11D3-BF4B-00C04F79EFBC}") = "Tyuiu.KushnirS.Sprint2.Task1.V26.Test", "Tyuiu.KushnirS.Sprint2.Task1.V26.Test\Tyuiu.KushnirS.Sprint2.Task1.V26.Test.csproj", "{F68C5630-E6F3-4C61-9C2A-90558953141E}"
EndProject
Project("{2150E333-8FDC-42A3-9474-1A3956D46DE8}") = "Task2", "Task2", "{A0567EE2-E0F0-4FF6-BCA4-F8261C59369A}"
EndProject
Project("{FAE04EC0-301F-11D3-BF4B-00C04F79EFBC}") = "Tyuiu.KushnirS.Sprint2.Task2.V30", "Tyuiu.KushnirS.Sprint2.Task2.V30\Tyuiu.KushnirS.Sprint2.Task2.V30.csproj", "{94A7E03F-8117-4BAA-A6FF-55AA5CE09D5D}"
EndProject
Project("{FAE04EC0-301F-11D3-BF4B-00C04F79EFBC}") = "Tyuiu.KushnirS.Sprint2.Task2.V30.Lib", "Tyuiu.KushnirS.Sprint2.Task2.V30.Lib\Tyuiu.KushnirS.Sprint2.Task2.V30.Lib.csproj", "{FD47430C-E4F6-4854-91A7-9FB7BDEF2D2C}"
EndProject
Project("{FAE04EC0-301F-11D3-BF4B-00C04F79EFBC}") = "Tyuiu.KushnirS.Sprint2.Task2.V30.Test", "Tyuiu.KushnirS.Sprint2.Task2.V30.Test\Tyuiu.KushnirS.Sprint2.Task2.V30.Test.csproj", "{391768D4-4B28-400E-A71C-40CBFDF8C50D}"
EndProject
Project("{2150E333-8FDC-42A3-9474-1A3956D46DE8}") = "Task3", "Task3", "{7E493FC7-B664-4247-A8A6-27D74B1C04C7}"
EndProject
Project("{FAE04EC0-301F-11D3-BF4B-00C04F79EFBC}") = "Tyuiu.KushnirS.Sprint2.Task3.V1", "Tyuiu.KushnirS.Sprint2.Task3.V1\Tyuiu.KushnirS.Sprint2.Task3.V1.csproj", "{302735DB-E769-496A-813E-095F4A1732FC}"
EndProject
Project("{FAE04EC0-301F-11D3-BF4B-00C04F79EFBC}") = "Tyuiu.KushnirS.Sprint2.Task3.V1.Lib", "Tyuiu.KushnirS.Sprint2.Task3.V1.Lib\Tyuiu.KushnirS.Sprint2.Task3.V1.Lib.csproj", "{D6668DAF-F09C-42DD-AF9F-188BDBC8609D}"
EndProject
Project("{FAE04EC0-301F-11D3-BF4B-00C04F79EFBC}") = "Tyuiu.KushnirS.Sprint2.Task3.V1.Test", "Tyuiu.KushnirS.Sprint2.Task3.V1.Test\Tyuiu.KushnirS.Sprint2.Task3.V1.Test.csproj", "{A77DB61A-05CB-495F-8AA1-248CEB3E20F0}"
EndProject
Project("{2150E333-8FDC-42A3-9474-1A3956D46DE8}") = "Task4", "Task4", "{540251AC-3DC0-4EA0-926C-CC82206DB5ED}"
EndProject
Project("{FAE04EC0-301F-11D3-BF4B-00C04F79EFBC}") = "Tyuiu.KushnirS.Sprint2.Task4.V12", "Tyuiu.KushnirS.Sprint2.Task4.V12\Tyuiu.KushnirS.Sprint2.Task4.V12.csproj", "{EDA84242-BA46-445C-8746-40B0E5984ED4}"
EndProject
Project("{FAE04EC0-301F-11D3-BF4B-00C04F79EFBC}") = "Tyuiu.KushnirS.Sprint2.Task4.V12.Lib", "Tyuiu.KushnirS.Sprint2.Task4.V12.Lib\Tyuiu.KushnirS.Sprint2.Task4.V12.Lib.csproj", "{C1EF47C6-2D81-41F3-AA88-4584A452530C}"
EndProject
Project("{FAE04EC0-301F-11D3-BF4B-00C04F79EFBC}") = "Tyuiu.KushnirS.Sprint2.Task4.V12.Test", "Tyuiu.KushnirS.Sprint2.Task4.V12.Test\Tyuiu.KushnirS.Sprint2.Task4.V12.Test.csproj", "{1771D0F1-BCD0-4D57-B484-631C057ED932}"
EndProject
Project("{2150E333-8FDC-42A3-9474-1A3956D46DE8}") = "Task5", "Task5", "{253CC170-7BEA-4F31-8E12-497E0E505B0A}"
EndProject
Project("{FAE04EC0-301F-11D3-BF4B-00C04F79EFBC}") = "Tyuiu.KushnirS.Sprint2.Task5.V4", "Tyuiu.KushnirS.Sprint2.Task5.V4\Tyuiu.KushnirS.Sprint2.Task5.V4.csproj", "{46FC6353-DB1F-4284-86D5-5B5293582837}"
EndProject
Project("{FAE04EC0-301F-11D3-BF4B-00C04F79EFBC}") = "Tyuiu.KushnirS.Sprint2.Task5.V4.Lib", "Tyuiu.KushnirS.Sprint2.Task5.V4.Lib\Tyuiu.KushnirS.Sprint2.Task5.V4.Lib.csproj", "{4070EF83-BF3F-4920-8A54-E6C52E592E42}"
EndProject
Project("{FAE04EC0-301F-11D3-BF4B-00C04F79EFBC}") = "Tyuiu.KushnirS.Sprint2.Task5.V4.Test", "Tyuiu.KushnirS.Sprint2.Task5.V4.Test\Tyuiu.KushnirS.Sprint2.Task5.V4.Test.csproj", "{6F746B3F-E867-4668-83B5-37A5E0E806C7}"
EndProject
Project("{2150E333-8FDC-42A3-9474-1A3956D46DE8}") = "Task6", "Task6", "{EF3FEBE4-F2AC-49E3-ABEF-403B19C00867}"
EndProject
Project("{FAE04EC0-301F-11D3-BF4B-00C04F79EFBC}") = "Tyuiu.KushnirS.Sprint2.Task6.V14", "Tyuiu.KushnirS.Sprint2.Task6.V14\Tyuiu.KushnirS.Sprint2.Task6.V14.csproj", "{56E416DB-2DC9-42D7-A884-F6A32F943653}"
EndProject
Project("{FAE04EC0-301F-11D3-BF4B-00C04F79EFBC}") = "Tyuiu.KushnirS.Sprint2.Task6.V14.Lib", "Tyuiu.KushnirS.Sprint2.Task6.V14.Lib\Tyuiu.KushnirS.Sprint2.Task6.V14.Lib.csproj", "{EFFAB368-4CA4-445B-B49B-1AEAD732CA59}"
EndProject
Project("{FAE04EC0-301F-11D3-BF4B-00C04F79EFBC}") = "Tyuiu.KushnirS.Sprint2.Task6.V14.Test", "Tyuiu.KushnirS.Sprint2.Task6.V14.Test\Tyuiu.KushnirS.Sprint2.Task6.V14.Test.csproj", "{B360BF51-1465-441E-B673-64112F799220}"
EndProject
Project("{2150E333-8FDC-42A3-9474-1A3956D46DE8}") = "Task7", "Task7", "{748EC7C4-365A-4929-B83F-44CB9FB9252E}"
EndProject
Project("{FAE04EC0-301F-11D3-BF4B-00C04F79EFBC}") = "Tyuiu.KushnirS.Sprint2.Task7.V11", "Tyuiu.KushnirS.Sprint2.Task7.V11\Tyuiu.KushnirS.Sprint2.Task7.V11.csproj", "{59D45C19-6D1A-4A87-B5BF-F258C5A5F0AB}"
EndProject
Project("{FAE04EC0-301F-11D3-BF4B-00C04F79EFBC}") = "Tyuiu.KushnirS.Sprint2.Task7.V11.Lib", "Tyuiu.KushnirS.Sprint2.Task7.V11.Lib\Tyuiu.KushnirS.Sprint2.Task7.V11.Lib.csproj", "{EBC9403A-96A6-46AF-BF87-8045177E7141}"
EndProject
Project("{FAE04EC0-301F-11D3-BF4B-00C04F79EFBC}") = "Tyuiu.KushnirS.Sprint2.Task7.V11.Test", "Tyuiu.KushnirS.Sprint2.Task7.V11.Test\Tyuiu.KushnirS.Sprint2.Task7.V11.Test.csproj", "{ABA5C980-DD9C-4C6B-B076-1D3AF0B70623}"
EndProject
Global
	GlobalSection(SolutionConfigurationPlatforms) = preSolution
		Debug|Any CPU = Debug|Any CPU
		Release|Any CPU = Release|Any CPU
	EndGlobalSection
	GlobalSection(ProjectConfigurationPlatforms) = postSolution
		{0D3B9D02-FE4A-4F98-BB89-0EC8307BFA34}.Debug|Any CPU.ActiveCfg = Debug|Any CPU
		{0D3B9D02-FE4A-4F98-BB89-0EC8307BFA34}.Debug|Any CPU.Build.0 = Debug|Any CPU
		{0D3B9D02-FE4A-4F98-BB89-0EC8307BFA34}.Release|Any CPU.ActiveCfg = Release|Any CPU
		{0D3B9D02-FE4A-4F98-BB89-0EC8307BFA34}.Release|Any CPU.Build.0 = Release|Any CPU
		{9F9DBB61-E272-4407-BAD4-5E151642E7A5}.Debug|Any CPU.ActiveCfg = Debug|Any CPU
		{9F9DBB61-E272-4407-BAD4-5E151642E7A5}.Debug|Any CPU.Build.0 = Debug|Any CPU
		{9F9DBB61-E272-4407-BAD4-5E151642E7A5}.Release|Any CPU.ActiveCfg = Release|Any CPU
		{9F9DBB61-E272-4407-BAD4-5E151642E7A5}.Release|Any CPU.Build.0 = Release|Any CPU
		{39B66EAB-CC26-42B1-978B-1CB271C6F3C0}.Debug|Any CPU.ActiveCfg = Debug|Any CPU
		{39B66EAB-CC26-42B1-978B-1CB271C6F3C0}.Debug|Any CPU.Build.0 = Debug|Any CPU
		{39B66EAB-CC26-42B1-978B-1CB271C6F3C0}.Release|Any CPU.ActiveCfg = Release|Any CPU
		{39B66EAB-CC26-42B1-978B-1CB271C6F3C0}.Release|Any CPU.Build.0 = Release|Any CPU
		{6B659DF0-6A26-44AA-B24D-28632163B02B}.Debug|Any CPU.ActiveCfg = Debug|Any CPU
		{6B659DF0-6A26-44AA-B24D-28632163B02B}.Debug|Any CPU.Build.0 = Debug|Any CPU
		{6B659DF0-6A26-44AA-B24D-28632163B02B}.Release|Any CPU.ActiveCfg = Release|Any CPU
		{6B659DF0-6A26-44AA-B24D-28632163B02B}.Release|Any CPU.Build.0 = Release|Any CPU
		{FEC0DCD9-7AA8-4D96-83AF-BF3C5F2151AC}.Debug|Any CPU.ActiveCfg = Debug|Any CPU
		{FEC0DCD9-7AA8-4D96-83AF-BF3C5F2151AC}.Debug|Any CPU.Build.0 = Debug|Any CPU
		{FEC0DCD9-7AA8-4D96-83AF-BF3C5F2151AC}.Release|Any CPU.ActiveCfg = Release|Any CPU
		{FEC0DCD9-7AA8-4D96-83AF-BF3C5F2151AC}.Release|Any CPU.Build.0 = Release|Any CPU
		{F68C5630-E6F3-4C61-9C2A-90558953141E}.Debug|Any CPU.ActiveCfg = Debug|Any CPU
		{F68C5630-E6F3-4C61-9C2A-90558953141E}.Debug|Any CPU.Build.0 = Debug|Any CPU
		{F68C5630-E6F3-4C61-9C2A-90558953141E}.Release|Any CPU.ActiveCfg = Release|Any CPU
		{F68C5630-E6F3-4C61-9C2A-90558953141E}.Release|Any CPU.Build.0 = Release|Any CPU
		{94A7E03F-8117-4BAA-A6FF-55AA5CE09D5D}.Debug|Any CPU.ActiveCfg = Debug|Any CPU
		{94A7E03F-8117-4BAA-A6FF-55AA5CE09D5D}.Debug|Any CPU.Build.0 = Debug|Any CPU
		{94A7E03F-8117-4BAA-A6FF-55AA5CE09D5D}.Release|Any CPU.ActiveCfg = Release|Any CPU
		{94A7E03F-8117-4BAA-A6FF-55AA5CE09D5D}.Release|Any CPU.Build.0 = Release|Any CPU
		{FD47430C-E4F6-4854-91A7-9FB7BDEF2D2C}.Debug|Any CPU.ActiveCfg = Debug|Any CPU
		{FD47430C-E4F6-4854-91A7-9FB7BDEF2D2C}.Debug|Any CPU.Build.0 = Debug|Any CPU
		{FD47430C-E4F6-4854-91A7-9FB7BDEF2D2C}.Release|Any CPU.ActiveCfg = Release|Any CPU
		{FD47430C-E4F6-4854-91A7-9FB7BDEF2D2C}.Release|Any CPU.Build.0 = Release|Any CPU
		{391768D4-4B28-400E-A71C-40CBFDF8C50D}.Debug|Any CPU.ActiveCfg = Debug|Any CPU
		{391768D4-4B28-400E-A71C-40CBFDF8C50D}.Debug|Any CPU.Build.0 = Debug|Any CPU
		{391768D4-4B28-400E-A71C-40CBFDF8C50D}.Release|Any CPU.ActiveCfg = Release|Any CPU
		{391768D4-4B28-400E-A71C-40CBFDF8C50D}.Release|Any CPU.Build.0 = Release|Any CPU
		{302735DB-E769-496A-813E-095F4A1732FC}.Debug|Any CPU.ActiveCfg = Debug|Any CPU
		{302735DB-E769-496A-813E-095F4A1732FC}.Debug|Any CPU.Build.0 = Debug|Any CPU
		{302735DB-E769-496A-813E-095F4A1732FC}.Release|Any CPU.ActiveCfg = Release|Any CPU
		{302735DB-E769-496A-813E-095F4A1732FC}.Release|Any CPU.Build.0 = Release|Any CPU
		{D6668DAF-F09C-42DD-AF9F-188BDBC8609D}.Debug|Any CPU.ActiveCfg = Debug|Any CPU
		{D6668DAF-F09C-42DD-AF9F-188BDBC8609D}.Debug|Any CPU.Build.0 = Debug|Any CPU
		{D6668DAF-F09C-42DD-AF9F-188BDBC8609D}.Release|Any CPU.ActiveCfg = Release|Any CPU
		{D6668DAF-F09C-42DD-AF9F-188BDBC8609D}.Release|Any CPU.Build.0 = Release|Any CPU
		{A77DB61A-05CB-495F-8AA1-248CEB3E20F0}.Debug|Any CPU.ActiveCfg = Debug|Any CPU
		{A77DB61A-05CB-495F-8AA1-248CEB3E20F0}.Debug|Any CPU.Build.0 = Debug|Any CPU
		{A77DB61A-05CB-495F-8AA1-248CEB3E20F0}.Release|Any CPU.ActiveCfg = Release|Any CPU
		{A77DB61A-05CB-495F-8AA1-248CEB3E20F0}.Release|Any CPU.Build.0 = Release|Any CPU
		{EDA84242-BA46-445C-8746-40B0E5984ED4}.Debug|Any CPU.ActiveCfg = Debug|Any CPU
		{EDA84242-BA46-445C-8746-40B0E5984ED4}.Debug|Any CPU.Build.0 = Debug|Any CPU
		{EDA84242-BA46-445C-8746-40B0E5984ED4}.Release|Any CPU.ActiveCfg = Release|Any CPU
		{EDA84242-BA46-445C-8746-40B0E5984ED4}.Release|Any CPU.Build.0 = Release|Any CPU
		{C1EF47C6-2D81-41F3-AA88-4584A452530C}.Debug|Any CPU.ActiveCfg = Debug|Any CPU
		{C1EF47C6-2D81-41F3-AA88-4584A452530C}.Debug|Any CPU.Build.0 = Debug|Any CPU
		{C1EF47C6-2D81-41F3-AA88-4584A452530C}.Release|Any CPU.ActiveCfg = Release|Any CPU
		{C1EF47C6-2D81-41F3-AA88-4584A452530C}.Release|Any CPU.Build.0 = Release|Any CPU
		{1771D0F1-BCD0-4D57-B484-631C057ED932}.Debug|Any CPU.ActiveCfg = Debug|Any CPU
		{1771D0F1-BCD0-4D57-B484-631C057ED932}.Debug|Any CPU.Build.0 = Debug|Any CPU
		{1771D0F1-BCD0-4D57-B484-631C057ED932}.Release|Any CPU.ActiveCfg = Release|Any CPU
		{1771D0F1-BCD0-4D57-B484-631C057ED932}.Release|Any CPU.Build.0 = Release|Any CPU
		{46FC6353-DB1F-4284-86D5-5B5293582837}.Debug|Any CPU.ActiveCfg = Debug|Any CPU
		{46FC6353-DB1F-4284-86D5-5B5293582837}.Debug|Any CPU.Build.0 = Debug|Any CPU
		{46FC6353-DB1F-4284-86D5-5B5293582837}.Release|Any CPU.ActiveCfg = Release|Any CPU
		{46FC6353-DB1F-4284-86D5-5B5293582837}.Release|Any CPU.Build.0 = Release|Any CPU
		{4070EF83-BF3F-4920-8A54-E6C52E592E42}.Debug|Any CPU.ActiveCfg = Debug|Any CPU
		{4070EF83-BF3F-4920-8A54-E6C52E592E42}.Debug|Any CPU.Build.0 = Debug|Any CPU
		{4070EF83-BF3F-4920-8A54-E6C52E592E42}.Release|Any CPU.ActiveCfg = Release|Any CPU
		{4070EF83-BF3F-4920-8A54-E6C52E592E42}.Release|Any CPU.Build.0 = Release|Any CPU
		{6F746B3F-E867-4668-83B5-37A5E0E806C7}.Debug|Any CPU.ActiveCfg = Debug|Any CPU
		{6F746B3F-E867-4668-83B5-37A5E0E806C7}.Debug|Any CPU.Build.0 = Debug|Any CPU
		{6F746B3F-E867-4668-83B5-37A5E0E806C7}.Release|Any CPU.ActiveCfg = Release|Any CPU
		{6F746B3F-E867-4668-83B5-37A5E0E806C7}.Release|Any CPU.Build.0 = Release|Any CPU
		{56E416DB-2DC9-42D7-A884-F6A32F943653}.Debug|Any CPU.ActiveCfg = Debug|Any CPU
		{56E416DB-2DC9-42D7-A884-F6A32F943653}.Debug|Any CPU.Build.0 = Debug|Any CPU
		{56E416DB-2DC9-42D7-A884-F6A32F943653}.Release|Any CPU.ActiveCfg = Release|Any CPU
		{56E416DB-2DC9-42D7-A884-F6A32F943653}.Release|Any CPU.Build.0 = Release|Any CPU
		{EFFAB368-4CA4-445B-B49B-1AEAD732CA59}.Debug|Any CPU.ActiveCfg = Debug|Any CPU
		{EFFAB368-4CA4-445B-B49B-1AEAD732CA59}.Debug|Any CPU.Build.0 = Debug|Any CPU
		{EFFAB368-4CA4-445B-B49B-1AEAD732CA59}.Release|Any CPU.ActiveCfg = Release|Any CPU
		{EFFAB368-4CA4-445B-B49B-1AEAD732CA59}.Release|Any CPU.Build.0 = Release|Any CPU
		{B360BF51-1465-441E-B673-64112F799220}.Debug|Any CPU.ActiveCfg = Debug|Any CPU
		{B360BF51-1465-441E-B673-64112F799220}.Debug|Any CPU.Build.0 = Debug|Any CPU
		{B360BF51-1465-441E-B673-64112F799220}.Release|Any CPU.ActiveCfg = Release|Any CPU
		{B360BF51-1465-441E-B673-64112F799220}.Release|Any CPU.Build.0 = Release|Any CPU
		{59D45C19-6D1A-4A87-B5BF-F258C5A5F0AB}.Debug|Any CPU.ActiveCfg = Debug|Any CPU
		{59D45C19-6D1A-4A87-B5BF-F258C5A5F0AB}.Debug|Any CPU.Build.0 = Debug|Any CPU
		{59D45C19-6D1A-4A87-B5BF-F258C5A5F0AB}.Release|Any CPU.ActiveCfg = Release|Any CPU
		{59D45C19-6D1A-4A87-B5BF-F258C5A5F0AB}.Release|Any CPU.Build.0 = Release|Any CPU
		{EBC9403A-96A6-46AF-BF87-8045177E7141}.Debug|Any CPU.ActiveCfg = Debug|Any CPU
		{EBC9403A-96A6-46AF-BF87-8045177E7141}.Debug|Any CPU.Build.0 = Debug|Any CPU
		{EBC9403A-96A6-46AF-BF87-8045177E7141}.Release|Any CPU.ActiveCfg = Release|Any CPU
		{EBC9403A-96A6-46AF-BF87-8045177E7141}.Release|Any CPU.Build.0 = Release|Any CPU
		{ABA5C980-DD9C-4C6B-B076-1D3AF0B70623}.Debug|Any CPU.ActiveCfg = Debug|Any CPU
		{ABA5C980-DD9C-4C6B-B076-1D3AF0B70623}.Debug|Any CPU.Build.0 = Debug|Any CPU
		{ABA5C980-DD9C-4C6B-B076-1D3AF0B70623}.Release|Any CPU.ActiveCfg = Release|Any CPU
		{ABA5C980-DD9C-4C6B-B076-1D3AF0B70623}.Release|Any CPU.Build.0 = Release|Any CPU
	EndGlobalSection
	GlobalSection(SolutionProperties) = preSolution
		HideSolutionNode = FALSE
	EndGlobalSection
	GlobalSection(NestedProjects) = preSolution
		{0D3B9D02-FE4A-4F98-BB89-0EC8307BFA34} = {30AF343A-706A-44A6-BCEF-2097AB9FAC3E}
		{9F9DBB61-E272-4407-BAD4-5E151642E7A5} = {30AF343A-706A-44A6-BCEF-2097AB9FAC3E}
		{39B66EAB-CC26-42B1-978B-1CB271C6F3C0} = {30AF343A-706A-44A6-BCEF-2097AB9FAC3E}
		{6B659DF0-6A26-44AA-B24D-28632163B02B} = {13216392-6427-4DEA-BCF8-509BEDD25852}
		{FEC0DCD9-7AA8-4D96-83AF-BF3C5F2151AC} = {13216392-6427-4DEA-BCF8-509BEDD25852}
		{F68C5630-E6F3-4C61-9C2A-90558953141E} = {13216392-6427-4DEA-BCF8-509BEDD25852}
		{94A7E03F-8117-4BAA-A6FF-55AA5CE09D5D} = {A0567EE2-E0F0-4FF6-BCA4-F8261C59369A}
		{FD47430C-E4F6-4854-91A7-9FB7BDEF2D2C} = {A0567EE2-E0F0-4FF6-BCA4-F8261C59369A}
		{391768D4-4B28-400E-A71C-40CBFDF8C50D} = {A0567EE2-E0F0-4FF6-BCA4-F8261C59369A}
		{302735DB-E769-496A-813E-095F4A1732FC} = {7E493FC7-B664-4247-A8A6-27D74B1C04C7}
		{D6668DAF-F09C-42DD-AF9F-188BDBC8609D} = {7E493FC7-B664-4247-A8A6-27D74B1C04C7}
		{A77DB61A-05CB-495F-8AA1-248CEB3E20F0} = {7E493FC7-B664-4247-A8A6-27D74B1C04C7}
		{EDA84242-BA46-445C-8746-40B0E5984ED4} = {540251AC-3DC0-4EA0-926C-CC82206DB5ED}
		{C1EF47C6-2D81-41F3-AA88-4584A452530C} = {540251AC-3DC0-4EA0-926C-CC82206DB5ED}
		{1771D0F1-BCD0-4D57-B484-631C057ED932} = {540251AC-3DC0-4EA0-926C-CC82206DB5ED}
		{46FC6353-DB1F-4284-86D5-5B5293582837} = {253CC170-7BEA-4F31-8E12-497E0E505B0A}
		{4070EF83-BF3F-4920-8A54-E6C52E592E42} = {253CC170-7BEA-4F31-8E12-497E0E505B0A}
		{6F746B3F-E867-4668-83B5-37A5E0E806C7} = {253CC170-7BEA-4F31-8E12-497E0E505B0A}
		{56E416DB-2DC9-42D7-A884-F6A32F943653} = {EF3FEBE4-F2AC-49E3-ABEF-403B19C00867}
		{EFFAB368-4CA4-445B-B49B-1AEAD732CA59} = {EF3FEBE4-F2AC-49E3-ABEF-403B19C00867}
		{B360BF51-1465-441E-B673-64112F799220} = {EF3FEBE4-F2AC-49E3-ABEF-403B19C00867}
		{59D45C19-6D1A-4A87-B5BF-F258C5A5F0AB} = {748EC7C4-365A-4929-B83F-44CB9FB9252E}
		{EBC9403A-96A6-46AF-BF87-8045177E7141} = {748EC7C4-365A-4929-B83F-44CB9FB9252E}
		{ABA5C980-DD9C-4C6B-B076-1D3AF0B70623} = {748EC7C4-365A-4929-B83F-44CB9FB9252E}
	EndGlobalSection
	GlobalSection(ExtensibilityGlobals) = postSolution
		SolutionGuid = {641D786A-00B9-4500-BD65-BB3A3CDF6B16}
	EndGlobalSection
EndGlobal
